// !$*UTF8*$!
{
	archiveVersion = 1;
	classes = {
	};
	objectVersion = 48;
	objects = {

/* Begin PBXBuildFile section */
		E0119C8D21103D0E00CEE65B /* resources.rs in Resources */ = {isa = PBXBuildFile; fileRef = E0119C8C21103D0E00CEE65B /* resources.rs */; };
		E02600D8206B0D46000328DB /* libSqOpenGL4.dylib in Resources */ = {isa = PBXBuildFile; fileRef = E02600D2206B0B56000328DB /* libSqOpenGL4.dylib */; };
		E02600D9206B0D46000328DB /* libSquare.dylib in Resources */ = {isa = PBXBuildFile; fileRef = E02600D3206B0B56000328DB /* libSquare.dylib */; };
		E044C4C1206AA8B8003D4406 /* Assets.xcassets in Resources */ = {isa = PBXBuildFile; fileRef = E044C4C0206AA8B8003D4406 /* Assets.xcassets */; };
		E044C4C4206AA8B8003D4406 /* MainMenu.xib in Resources */ = {isa = PBXBuildFile; fileRef = E044C4C2206AA8B8003D4406 /* MainMenu.xib */; };
		E044C4D4206AA948003D4406 /* main.cpp in Sources */ = {isa = PBXBuildFile; fileRef = E044C4D3206AA947003D4406 /* main.cpp */; };
		E068963620FE4DDB0008AE5D /* libHLSL2ALL.dylib in Resources */ = {isa = PBXBuildFile; fileRef = E068963320FE4BEF0008AE5D /* libHLSL2ALL.dylib */; };
		E0DB04F9209FC915001ADF39 /* assets in Resources */ = {isa = PBXBuildFile; fileRef = E0DB04F8209FC915001ADF39 /* assets */; };
		E0DD8828210A1B9B004E1F3B /* common in Resources */ = {isa = PBXBuildFile; fileRef = E0DD8827210A1B9B004E1F3B /* common */; };
/* End PBXBuildFile section */

/* Begin PBXFileReference section */
		E0119C8C21103D0E00CEE65B /* resources.rs */ = {isa = PBXFileReference; fileEncoding = 4; lastKnownFileType = text; name = resources.rs; path = ../../../../example/HelloWorld/resources.rs; sourceTree = "<group>"; };
		E02600D2206B0B56000328DB /* libSqOpenGL4.dylib */ = {isa = PBXFileReference; explicitFileType = "compiled.mach-o.dylib"; path = libSqOpenGL4.dylib; sourceTree = BUILT_PRODUCTS_DIR; };
		E02600D3206B0B56000328DB /* libSquare.dylib */ = {isa = PBXFileReference; explicitFileType = "compiled.mach-o.dylib"; path = libSquare.dylib; sourceTree = BUILT_PRODUCTS_DIR; };
		E044C4BA206AA8B8003D4406 /* HelloWorld.app */ = {isa = PBXFileReference; explicitFileType = wrapper.application; includeInIndex = 0; path = HelloWorld.app; sourceTree = BUILT_PRODUCTS_DIR; };
		E044C4C0206AA8B8003D4406 /* Assets.xcassets */ = {isa = PBXFileReference; lastKnownFileType = folder.assetcatalog; path = Assets.xcassets; sourceTree = "<group>"; };
		E044C4C3206AA8B8003D4406 /* Base */ = {isa = PBXFileReference; lastKnownFileType = file.xib; name = Base; path = Base.lproj/MainMenu.xib; sourceTree = "<group>"; };
		E044C4C5206AA8B8003D4406 /* Info.plist */ = {isa = PBXFileReference; lastKnownFileType = text.plist.xml; path = Info.plist; sourceTree = "<group>"; };
		E044C4C8206AA8B8003D4406 /* HelloWorld.entitlements */ = {isa = PBXFileReference; lastKnownFileType = text.plist.entitlements; path = HelloWorld.entitlements; sourceTree = "<group>"; };
		E044C4D3206AA947003D4406 /* main.cpp */ = {isa = PBXFileReference; fileEncoding = 4; lastKnownFileType = sourcecode.cpp.cpp; name = main.cpp; path = ../../../../example/HelloWorld/main.cpp; sourceTree = "<group>"; };
		E068963320FE4BEF0008AE5D /* libHLSL2ALL.dylib */ = {isa = PBXFileReference; lastKnownFileType = "compiled.mach-o.dylib"; name = libHLSL2ALL.dylib; path = ../../../dependencies/macOS/lib/libHLSL2ALL.dylib; sourceTree = "<group>"; };
		E0DB04F8209FC915001ADF39 /* assets */ = {isa = PBXFileReference; lastKnownFileType = folder; name = assets; path = ../../../../example/HelloWorld/assets; sourceTree = "<group>"; };
		E0DD8827210A1B9B004E1F3B /* common */ = {isa = PBXFileReference; lastKnownFileType = folder; name = common; path = ../../../../common; sourceTree = "<group>"; };
/* End PBXFileReference section */

/* Begin PBXFrameworksBuildPhase section */
		E044C4B7206AA8B8003D4406 /* Frameworks */ = {
			isa = PBXFrameworksBuildPhase;
			buildActionMask = 2147483647;
			files = (
			);
			runOnlyForDeploymentPostprocessing = 0;
		};
/* End PBXFrameworksBuildPhase section */

/* Begin PBXGroup section */
		E044C4B1206AA8B8003D4406 = {
			isa = PBXGroup;
			children = (
				E044C4BC206AA8B8003D4406 /* HelloWorld */,
				E044C4BB206AA8B8003D4406 /* Products */,
				E044C4CE206AA919003D4406 /* Frameworks */,
			);
			sourceTree = "<group>";
		};
		E044C4BB206AA8B8003D4406 /* Products */ = {
			isa = PBXGroup;
			children = (
				E044C4BA206AA8B8003D4406 /* HelloWorld.app */,
			);
			name = Products;
			sourceTree = "<group>";
		};
		E044C4BC206AA8B8003D4406 /* HelloWorld */ = {
			isa = PBXGroup;
			children = (
				E0119C8C21103D0E00CEE65B /* resources.rs */,
				E0DD8827210A1B9B004E1F3B /* common */,
				E0DB04F8209FC915001ADF39 /* assets */,
				E044C4D3206AA947003D4406 /* main.cpp */,
				E044C4C0206AA8B8003D4406 /* Assets.xcassets */,
				E044C4C2206AA8B8003D4406 /* MainMenu.xib */,
				E044C4C5206AA8B8003D4406 /* Info.plist */,
				E044C4C8206AA8B8003D4406 /* HelloWorld.entitlements */,
			);
			path = HelloWorld;
			sourceTree = "<group>";
		};
		E044C4CE206AA919003D4406 /* Frameworks */ = {
			isa = PBXGroup;
			children = (
				E068963320FE4BEF0008AE5D /* libHLSL2ALL.dylib */,
				E02600D2206B0B56000328DB /* libSqOpenGL4.dylib */,
				E02600D3206B0B56000328DB /* libSquare.dylib */,
			);
			name = Frameworks;
			sourceTree = "<group>";
		};
/* End PBXGroup section */

/* Begin PBXNativeTarget section */
		E044C4B9206AA8B8003D4406 /* HelloWorld */ = {
			isa = PBXNativeTarget;
			buildConfigurationList = E044C4CB206AA8B8003D4406 /* Build configuration list for PBXNativeTarget "HelloWorld" */;
			buildPhases = (
				E044C4B8206AA8B8003D4406 /* Resources */,
				E044C4B6206AA8B8003D4406 /* Sources */,
				E044C4B7206AA8B8003D4406 /* Frameworks */,
			);
			buildRules = (
			);
			dependencies = (
			);
			name = HelloWorld;
			productName = HelloWorld;
			productReference = E044C4BA206AA8B8003D4406 /* HelloWorld.app */;
			productType = "com.apple.product-type.application";
		};
/* End PBXNativeTarget section */

/* Begin PBXProject section */
		E044C4B2206AA8B8003D4406 /* Project object */ = {
			isa = PBXProject;
			attributes = {
				LastUpgradeCheck = 0920;
				ORGANIZATIONNAME = "University of Perugia";
				TargetAttributes = {
					E044C4B9206AA8B8003D4406 = {
						CreatedOnToolsVersion = 9.2;
						ProvisioningStyle = Automatic;
					};
				};
			};
			buildConfigurationList = E044C4B5206AA8B8003D4406 /* Build configuration list for PBXProject "HelloWorld" */;
			compatibilityVersion = "Xcode 8.0";
			developmentRegion = en;
			hasScannedForEncodings = 0;
			knownRegions = (
				en,
				Base,
			);
			mainGroup = E044C4B1206AA8B8003D4406;
			productRefGroup = E044C4BB206AA8B8003D4406 /* Products */;
			projectDirPath = "";
			projectRoot = "";
			targets = (
				E044C4B9206AA8B8003D4406 /* HelloWorld */,
			);
		};
/* End PBXProject section */

/* Begin PBXResourcesBuildPhase section */
		E044C4B8206AA8B8003D4406 /* Resources */ = {
			isa = PBXResourcesBuildPhase;
			buildActionMask = 2147483647;
			files = (
				E0DD8828210A1B9B004E1F3B /* common in Resources */,
				E068963620FE4DDB0008AE5D /* libHLSL2ALL.dylib in Resources */,
				E0119C8D21103D0E00CEE65B /* resources.rs in Resources */,
				E0DB04F9209FC915001ADF39 /* assets in Resources */,
				E02600D8206B0D46000328DB /* libSqOpenGL4.dylib in Resources */,
				E02600D9206B0D46000328DB /* libSquare.dylib in Resources */,
				E044C4C1206AA8B8003D4406 /* Assets.xcassets in Resources */,
				E044C4C4206AA8B8003D4406 /* MainMenu.xib in Resources */,
			);
			runOnlyForDeploymentPostprocessing = 0;
		};
/* End PBXResourcesBuildPhase section */

/* Begin PBXSourcesBuildPhase section */
		E044C4B6206AA8B8003D4406 /* Sources */ = {
			isa = PBXSourcesBuildPhase;
			buildActionMask = 2147483647;
			files = (
				E044C4D4206AA948003D4406 /* main.cpp in Sources */,
			);
			runOnlyForDeploymentPostprocessing = 0;
		};
/* End PBXSourcesBuildPhase section */

/* Begin PBXVariantGroup section */
		E044C4C2206AA8B8003D4406 /* MainMenu.xib */ = {
			isa = PBXVariantGroup;
			children = (
				E044C4C3206AA8B8003D4406 /* Base */,
			);
			name = MainMenu.xib;
			sourceTree = "<group>";
		};
/* End PBXVariantGroup section */

/* Begin XCBuildConfiguration section */
		E044C4C9206AA8B8003D4406 /* Debug */ = {
			isa = XCBuildConfiguration;
			buildSettings = {
				ALWAYS_SEARCH_USER_PATHS = NO;
				CLANG_ANALYZER_NONNULL = YES;
				CLANG_ANALYZER_NUMBER_OBJECT_CONVERSION = YES_AGGRESSIVE;
				CLANG_CXX_LANGUAGE_STANDARD = "gnu++17";
				CLANG_CXX_LIBRARY = "libc++";
				CLANG_ENABLE_MODULES = YES;
				CLANG_ENABLE_OBJC_ARC = YES;
				CLANG_WARN_BLOCK_CAPTURE_AUTORELEASING = YES;
				CLANG_WARN_BOOL_CONVERSION = YES;
				CLANG_WARN_COMMA = YES;
				CLANG_WARN_CONSTANT_CONVERSION = YES;
				CLANG_WARN_DIRECT_OBJC_ISA_USAGE = YES_ERROR;
				CLANG_WARN_DOCUMENTATION_COMMENTS = YES;
				CLANG_WARN_EMPTY_BODY = YES;
				CLANG_WARN_ENUM_CONVERSION = YES;
				CLANG_WARN_INFINITE_RECURSION = YES;
				CLANG_WARN_INT_CONVERSION = YES;
				CLANG_WARN_NON_LITERAL_NULL_CONVERSION = YES;
				CLANG_WARN_OBJC_LITERAL_CONVERSION = YES;
				CLANG_WARN_OBJC_ROOT_CLASS = YES_ERROR;
				CLANG_WARN_RANGE_LOOP_ANALYSIS = YES;
				CLANG_WARN_STRICT_PROTOTYPES = YES;
				CLANG_WARN_SUSPICIOUS_MOVE = YES;
				CLANG_WARN_UNGUARDED_AVAILABILITY = YES_AGGRESSIVE;
				CLANG_WARN_UNREACHABLE_CODE = YES;
				CLANG_WARN__DUPLICATE_METHOD_MATCH = YES;
				CODE_SIGN_IDENTITY = "-";
				COPY_PHASE_STRIP = NO;
				DEBUG_INFORMATION_FORMAT = dwarf;
				ENABLE_NS_ASSERTIONS = YES;
				ENABLE_STRICT_OBJC_MSGSEND = YES;
				ENABLE_TESTABILITY = YES;
				GCC_C_LANGUAGE_STANDARD = gnu11;
				GCC_DYNAMIC_NO_PIC = NO;
				GCC_NO_COMMON_BLOCKS = YES;
				GCC_OPTIMIZATION_LEVEL = 0;
				GCC_PREPROCESSOR_DEFINITIONS = (
					"DEBUG=1",
					"$(inherited)",
				);
				GCC_WARN_64_TO_32_BIT_CONVERSION = YES;
				GCC_WARN_ABOUT_RETURN_TYPE = YES_ERROR;
				GCC_WARN_UNDECLARED_SELECTOR = YES;
				GCC_WARN_UNINITIALIZED_AUTOS = YES_AGGRESSIVE;
				GCC_WARN_UNUSED_FUNCTION = YES;
				GCC_WARN_UNUSED_VARIABLE = YES;
				HEADER_SEARCH_PATHS = (
					"$(PROJECT_DIR)/../../../include",
					"$(PROJECT_DIR)/../../../dependencies/macOS/include",
				);
				LIBRARY_SEARCH_PATHS = "$(PROJECT_DIR)/../../build/Release/";
				MACOSX_DEPLOYMENT_TARGET = 10.13;
				MTL_ENABLE_DEBUG_INFO = YES;
				ONLY_ACTIVE_ARCH = YES;
				SDKROOT = macosx;
			};
			name = Debug;
		};
		E044C4CA206AA8B8003D4406 /* Release */ = {
			isa = XCBuildConfiguration;
			buildSettings = {
				ALWAYS_SEARCH_USER_PATHS = NO;
				CLANG_ANALYZER_NONNULL = YES;
				CLANG_ANALYZER_NUMBER_OBJECT_CONVERSION = YES_AGGRESSIVE;
				CLANG_CXX_LANGUAGE_STANDARD = "gnu++17";
				CLANG_CXX_LIBRARY = "libc++";
				CLANG_ENABLE_MODULES = YES;
				CLANG_ENABLE_OBJC_ARC = YES;
				CLANG_WARN_BLOCK_CAPTURE_AUTORELEASING = YES;
				CLANG_WARN_BOOL_CONVERSION = YES;
				CLANG_WARN_COMMA = YES;
				CLANG_WARN_CONSTANT_CONVERSION = YES;
				CLANG_WARN_DIRECT_OBJC_ISA_USAGE = YES_ERROR;
				CLANG_WARN_DOCUMENTATION_COMMENTS = YES;
				CLANG_WARN_EMPTY_BODY = YES;
				CLANG_WARN_ENUM_CONVERSION = YES;
				CLANG_WARN_INFINITE_RECURSION = YES;
				CLANG_WARN_INT_CONVERSION = YES;
				CLANG_WARN_NON_LITERAL_NULL_CONVERSION = YES;
				CLANG_WARN_OBJC_LITERAL_CONVERSION = YES;
				CLANG_WARN_OBJC_ROOT_CLASS = YES_ERROR;
				CLANG_WARN_RANGE_LOOP_ANALYSIS = YES;
				CLANG_WARN_STRICT_PROTOTYPES = YES;
				CLANG_WARN_SUSPICIOUS_MOVE = YES;
				CLANG_WARN_UNGUARDED_AVAILABILITY = YES_AGGRESSIVE;
				CLANG_WARN_UNREACHABLE_CODE = YES;
				CLANG_WARN__DUPLICATE_METHOD_MATCH = YES;
				CODE_SIGN_IDENTITY = "-";
				COPY_PHASE_STRIP = NO;
				DEBUG_INFORMATION_FORMAT = "dwarf-with-dsym";
				ENABLE_NS_ASSERTIONS = YES;
				ENABLE_STRICT_OBJC_MSGSEND = YES;
				GCC_C_LANGUAGE_STANDARD = gnu11;
				GCC_NO_COMMON_BLOCKS = YES;
				GCC_WARN_64_TO_32_BIT_CONVERSION = YES;
				GCC_WARN_ABOUT_RETURN_TYPE = YES_ERROR;
				GCC_WARN_UNDECLARED_SELECTOR = YES;
				GCC_WARN_UNINITIALIZED_AUTOS = YES_AGGRESSIVE;
				GCC_WARN_UNUSED_FUNCTION = YES;
				GCC_WARN_UNUSED_VARIABLE = YES;
				HEADER_SEARCH_PATHS = (
					"$(PROJECT_DIR)/../../../include",
					"$(PROJECT_DIR)/../../../dependencies/macOS/include",
				);
				LIBRARY_SEARCH_PATHS = "$(PROJECT_DIR)/../../build/Release/";
				MACOSX_DEPLOYMENT_TARGET = 10.13;
				MTL_ENABLE_DEBUG_INFO = NO;
				ONLY_ACTIVE_ARCH = YES;
				SDKROOT = macosx;
			};
			name = Release;
		};
		E044C4CC206AA8B8003D4406 /* Debug */ = {
			isa = XCBuildConfiguration;
			buildSettings = {
				ASSETCATALOG_COMPILER_APPICON_NAME = AppIcon;
				CODE_SIGN_ENTITLEMENTS = HelloWorld/HelloWorld.entitlements;
				CODE_SIGN_STYLE = Automatic;
				COMBINE_HIDPI_IMAGES = YES;
				INFOPLIST_FILE = HelloWorld/Info.plist;
				"LD_RUNPATH_SEARCH_PATHS[sdk=macosx*]" = "@executable_path/Resources @executable_path/../Resources";
				OTHER_LDFLAGS = "-lSquare";
				PRODUCT_BUNDLE_IDENTIFIER = unipg.HelloWorld;
				PRODUCT_NAME = "$(TARGET_NAME)";
			};
			name = Debug;
		};
		E044C4CD206AA8B8003D4406 /* Release */ = {
			isa = XCBuildConfiguration;
			buildSettings = {
				ASSETCATALOG_COMPILER_APPICON_NAME = AppIcon;
				CODE_SIGN_ENTITLEMENTS = HelloWorld/HelloWorld.entitlements;
				CODE_SIGN_STYLE = Automatic;
				COMBINE_HIDPI_IMAGES = YES;
				INFOPLIST_FILE = HelloWorld/Info.plist;
				"LD_RUNPATH_SEARCH_PATHS[sdk=macosx*]" = "@executable_path/Resources @executable_path/../Resources";
				OTHER_LDFLAGS = "-lSquare";
				PRODUCT_BUNDLE_IDENTIFIER = unipg.HelloWorld;
				PRODUCT_NAME = "$(TARGET_NAME)";
			};
			name = Release;
		};
/* End XCBuildConfiguration section */

/* Begin XCConfigurationList section */
		E044C4B5206AA8B8003D4406 /* Build configuration list for PBXProject "HelloWorld" */ = {
			isa = XCConfigurationList;
			buildConfigurations = (
				E044C4C9206AA8B8003D4406 /* Debug */,
				E044C4CA206AA8B8003D4406 /* Release */,
			);
			defaultConfigurationIsVisible = 0;
			defaultConfigurationName = Release;
		};
		E044C4CB206AA8B8003D4406 /* Build configuration list for PBXNativeTarget "HelloWorld" */ = {
			isa = XCConfigurationList;
			buildConfigurations = (
				E044C4CC206AA8B8003D4406 /* Debug */,
				E044C4CD206AA8B8003D4406 /* Release */,
			);
			defaultConfigurationIsVisible = 0;
			defaultConfigurationName = Release;
		};
/* End XCConfigurationList section */
	};
	rootObject = E044C4B2206AA8B8003D4406 /* Project object */;
}
