<?xml version="1.0" encoding="utf-8"?>
<Project ToolsVersion="4.0" xmlns="http://schemas.microsoft.com/developer/msbuild/2003">
  <ItemGroup>
    <Filter Include="Source">
      <UniqueIdentifier>{4FC737F1-C7A5-4376-A066-2A32D752A2FF}</UniqueIdentifier>
      <Extensions>cpp;c;cc;cxx;def;odl;idl;hpj;bat;asm;asmx</Extensions>
    </Filter>
    <Filter Include="Include">
      <UniqueIdentifier>{93995380-89BD-4b04-88EB-625FBE52EBFB}</UniqueIdentifier>
      <Extensions>h;hh;hpp;hxx;hm;inl;inc;xsd</Extensions>
    </Filter>
    <Filter Include="Resource">
      <UniqueIdentifier>{67DA6AB6-F800-4c08-8B7A-83BB121AAD01}</UniqueIdentifier>
      <Extensions>rc;ico;cur;bmp;dlg;rc2;rct;bin;rgs;gif;jpg;jpeg;jpe;resx;tiff;tif;png;wav;mfcribbon-ms</Extensions>
    </Filter>
    <Filter Include="source\Core">
      <UniqueIdentifier>{1b39dcac-f1f7-4602-89dd-d06067e49057}</UniqueIdentifier>
    </Filter>
    <Filter Include="Include\Square">
      <UniqueIdentifier>{42f86c04-7162-4d89-9867-58a1ae610f5b}</UniqueIdentifier>
    </Filter>
    <Filter Include="include\Square\Core">
      <UniqueIdentifier>{659525eb-edc1-46c1-b99b-d7423bb63140}</UniqueIdentifier>
    </Filter>
    <Filter Include="include\Square\Math">
      <UniqueIdentifier>{69d0d0c1-8460-4493-86c2-0551431f89a9}</UniqueIdentifier>
    </Filter>
    <Filter Include="include\Square\Data">
      <UniqueIdentifier>{ad3f869c-4542-43f9-b3df-4ec24db7d7e1}</UniqueIdentifier>
    </Filter>
    <Filter Include="source\Data">
      <UniqueIdentifier>{35af5853-5fd4-44cb-8bef-48bfa4d31132}</UniqueIdentifier>
    </Filter>
    <Filter Include="source\Scene">
      <UniqueIdentifier>{a82b0f2d-b938-4d22-bad6-2e26b24f8482}</UniqueIdentifier>
    </Filter>
    <Filter Include="include\Square\Scene">
      <UniqueIdentifier>{ea815337-019a-4c41-a0cd-49f8ef518cc5}</UniqueIdentifier>
    </Filter>
    <Filter Include="include\Square\Resource">
      <UniqueIdentifier>{1a707ae0-7aa4-4cdc-8b60-45da222f2cf6}</UniqueIdentifier>
    </Filter>
    <Filter Include="source\Data\ImageUtils">
      <UniqueIdentifier>{0df156a3-f679-4212-bd7f-ea88a7b62377}</UniqueIdentifier>
    </Filter>
    <Filter Include="source\Resource">
      <UniqueIdentifier>{38544b5e-af94-4495-9845-204efe915700}</UniqueIdentifier>
    </Filter>
    <Filter Include="include\Square\Driver">
      <UniqueIdentifier>{33420c6c-7918-40a3-b951-eaa8fc02c6b1}</UniqueIdentifier>
    </Filter>
    <Filter Include="source\Driver">
      <UniqueIdentifier>{1765bbf0-91e0-47b9-a9d1-852bd0bc17a3}</UniqueIdentifier>
    </Filter>
    <Filter Include="include\Square\Geometry">
      <UniqueIdentifier>{23787cbd-2290-402e-8f38-f608f7b1515d}</UniqueIdentifier>
    </Filter>
    <Filter Include="source\Geometry">
      <UniqueIdentifier>{f5ea3472-4b2c-4316-ad3a-b7a938ef9bbb}</UniqueIdentifier>
    </Filter>
    <Filter Include="source\Driver\Win32">
      <UniqueIdentifier>{6c16c117-6925-4b60-979d-654e20bbdcac}</UniqueIdentifier>
    </Filter>
    <Filter Include="source\Driver\Xorg">
      <UniqueIdentifier>{15539301-e609-4a99-8c04-7a711d7d1257}</UniqueIdentifier>
    </Filter>
    <Filter Include="source\Driver\Cocoa">
      <UniqueIdentifier>{7cd310e0-fb91-4fe7-b3e6-490930b0aade}</UniqueIdentifier>
    </Filter>
    <Filter Include="Include\Square\Render">
      <UniqueIdentifier>{95925eac-4ef4-4439-a71a-5d790dd91d8e}</UniqueIdentifier>
    </Filter>
    <Filter Include="Source\Render">
      <UniqueIdentifier>{2554acb3-f47d-4f8e-8cf5-b25f7cb5d962}</UniqueIdentifier>
    </Filter>
  </ItemGroup>
  <ItemGroup>
    <ClInclude Include="..\include\Square\Math\Linear.h">
      <Filter>Include\Square\Math</Filter>
    </ClInclude>
    <ClInclude Include="..\include\Square\Math\Tangent.h">
      <Filter>Include\Square\Math</Filter>
    </ClInclude>
    <ClInclude Include="..\include\Square\Config.h">
      <Filter>Include\Square</Filter>
    </ClInclude>
    <ClInclude Include="..\include\Square\Square.h">
      <Filter>Include\Square</Filter>
    </ClInclude>
    <ClInclude Include="..\include\Square\Core\Filesystem.h">
      <Filter>Include\Square\Core</Filter>
    </ClInclude>
    <ClInclude Include="..\include\Square\Core\SmartPointers.h">
      <Filter>Include\Square\Core</Filter>
    </ClInclude>
    <ClInclude Include="..\include\Square\Core\Time.h">
      <Filter>Include\Square\Core</Filter>
    </ClInclude>
    <ClInclude Include="..\include\Square\Core\Uncopyable.h">
      <Filter>Include\Square\Core</Filter>
    </ClInclude>
    <ClInclude Include="..\include\Square\Core\UtfConvert.h">
      <Filter>Include\Square\Core</Filter>
    </ClInclude>
    <ClInclude Include="..\include\Square\Core\Variant.h">
      <Filter>Include\Square\Core</Filter>
    </ClInclude>
    <ClInclude Include="..\include\Square\Data\Json.h">
      <Filter>Include\Square\Data</Filter>
    </ClInclude>
    <ClInclude Include="..\include\Square\Scene\Actor.h">
      <Filter>Include\Square\Scene</Filter>
    </ClInclude>
    <ClInclude Include="..\include\Square\Scene\Component.h">
      <Filter>Include\Square\Scene</Filter>
    </ClInclude>
    <ClInclude Include="..\include\Square\Resource\Texture.h">
      <Filter>Include\Square\Resource</Filter>
    </ClInclude>
    <ClInclude Include="..\include\Square\Data\Image.h">
      <Filter>Include\Square\Data</Filter>
    </ClInclude>
    <ClInclude Include="..\include\Square\Driver\Render.h">
      <Filter>Include\Square\Driver</Filter>
    </ClInclude>
    <ClInclude Include="..\include\Square\Driver\Input.h">
      <Filter>Include\Square\Driver</Filter>
    </ClInclude>
    <ClInclude Include="..\include\Square\Driver\Window.h">
      <Filter>Include\Square\Driver</Filter>
    </ClInclude>
    <ClInclude Include="..\include\Square\Geometry\AABoundingBox.h">
      <Filter>Include\Square\Geometry</Filter>
    </ClInclude>
    <ClInclude Include="..\include\Square\Geometry\CreateBounding.h">
      <Filter>Include\Square\Geometry</Filter>
    </ClInclude>
    <ClInclude Include="..\include\Square\Geometry\Frustum.h">
      <Filter>Include\Square\Geometry</Filter>
    </ClInclude>
    <ClInclude Include="..\include\Square\Geometry\Intersection.h">
      <Filter>Include\Square\Geometry</Filter>
    </ClInclude>
    <ClInclude Include="..\include\Square\Geometry\OBoundingBox.h">
      <Filter>Include\Square\Geometry</Filter>
    </ClInclude>
    <ClInclude Include="..\include\Square\Geometry\Sphere.h">
      <Filter>Include\Square\Geometry</Filter>
    </ClInclude>
    <ClInclude Include="..\source\Driver\Win32\Input_private.h">
      <Filter>Source\Driver\Win32</Filter>
    </ClInclude>
    <ClInclude Include="..\source\Driver\Win32\Screen_private.h">
      <Filter>Source\Driver\Win32</Filter>
    </ClInclude>
    <ClInclude Include="..\source\Driver\Win32\Window_private.h">
      <Filter>Source\Driver\Win32</Filter>
    </ClInclude>
    <ClInclude Include="..\source\Driver\Win32\Wrapper_private.h">
      <Filter>Source\Driver\Win32</Filter>
    </ClInclude>
    <ClInclude Include="..\source\Driver\Xorg\Input_private.h">
      <Filter>Source\Driver\Xorg</Filter>
    </ClInclude>
    <ClInclude Include="..\source\Driver\Xorg\Screen_private.h">
      <Filter>Source\Driver\Xorg</Filter>
    </ClInclude>
    <ClInclude Include="..\source\Driver\Xorg\Window_private.h">
      <Filter>Source\Driver\Xorg</Filter>
    </ClInclude>
    <ClInclude Include="..\source\Driver\Xorg\Wrapper_private.h">
      <Filter>Source\Driver\Xorg</Filter>
    </ClInclude>
    <ClInclude Include="..\source\Driver\Cocoa\Input_private.h">
      <Filter>Source\Driver\Cocoa</Filter>
    </ClInclude>
    <ClInclude Include="..\source\Driver\Cocoa\Screen_private.h">
      <Filter>Source\Driver\Cocoa</Filter>
    </ClInclude>
    <ClInclude Include="..\source\Driver\Cocoa\Window_private.h">
      <Filter>Source\Driver\Cocoa</Filter>
    </ClInclude>
    <ClInclude Include="..\source\Driver\Cocoa\Wrapper_private.h">
      <Filter>Source\Driver\Cocoa</Filter>
    </ClInclude>
    <ClInclude Include="..\include\Square\Core\Object.h">
      <Filter>Include\Square\Core</Filter>
    </ClInclude>
    <ClInclude Include="..\include\Square\Core\Application.h">
      <Filter>Include\Square\Core</Filter>
    </ClInclude>
    <ClInclude Include="..\include\Square\Core\Attribute.h">
      <Filter>Include\Square\Core</Filter>
    </ClInclude>
    <ClInclude Include="..\include\Square\Core\ClassObjectRegistration.h">
      <Filter>Include\Square\Core</Filter>
    </ClInclude>
    <ClInclude Include="..\include\Square\Core\Context.h">
      <Filter>Include\Square\Core</Filter>
    </ClInclude>
    <ClInclude Include="..\include\Square\Data\Archive.h">
      <Filter>Include\Square\Data</Filter>
    </ClInclude>
    <ClInclude Include="..\include\Square\Data\AttributeSerialize.h">
      <Filter>Include\Square\Data</Filter>
    </ClInclude>
    <ClInclude Include="..\include\Square\Core\Resource.h">
      <Filter>Include\Square\Core</Filter>
    </ClInclude>
    <ClInclude Include="..\include\Square\Resource\Shader.h">
      <Filter>Include\Square\Resource</Filter>
    </ClInclude>
    <ClInclude Include="..\include\Square\Scene\Level.h">
      <Filter>Include\Square\Scene</Filter>
    </ClInclude>
    <ClInclude Include="..\include\Square\Core\StringUtilities.h">
      <Filter>Include\Square\Core</Filter>
    </ClInclude>
    <ClInclude Include="..\include\Square\Core\SharedLibrary.h">
      <Filter>include\Square\Core</Filter>
    </ClInclude>
    <ClInclude Include="..\include\Square\Resource\Geometry.h">
      <Filter>include\Square\Resource</Filter>
    </ClInclude>
    <ClInclude Include="..\include\Square\Resource\Model.h">
      <Filter>include\Square\Resource</Filter>
    </ClInclude>
    <ClInclude Include="..\include\Square\Data\ParserEffect.h">
      <Filter>include\Square\Data</Filter>
    </ClInclude>
    <ClInclude Include="..\include\Square\Data\ParserUtils.h">
      <Filter>include\Square\Data</Filter>
    </ClInclude>
    <ClInclude Include="..\include\Square\Render\Collection.h">
      <Filter>Include\Square\Render</Filter>
    </ClInclude>
    <ClInclude Include="..\include\Square\Render\Light.h">
      <Filter>Include\Square\Render</Filter>
    </ClInclude>
    <ClInclude Include="..\include\Square\Render\Queue.h">
      <Filter>Include\Square\Render</Filter>
    </ClInclude>
    <ClInclude Include="..\include\Square\Render\Viewport.h">
      <Filter>Include\Square\Render</Filter>
    </ClInclude>
  </ItemGroup>
  <ItemGroup>
    <ClCompile Include="..\source\Core\Filesystem.cpp">
      <Filter>Source\Core</Filter>
    </ClCompile>
    <ClCompile Include="..\source\Core\Time.cpp">
      <Filter>Source\Core</Filter>
    </ClCompile>
    <ClCompile Include="..\source\Core\UtfConvert.cpp">
      <Filter>Source\Core</Filter>
    </ClCompile>
    <ClCompile Include="..\source\Data\Json.cpp">
      <Filter>Source\Data</Filter>
    </ClCompile>
    <ClCompile Include="..\source\Scene\Actor.cpp">
      <Filter>Source\Scene</Filter>
    </ClCompile>
    <ClCompile Include="..\source\Scene\Component.cpp">
      <Filter>Source\Scene</Filter>
    </ClCompile>
    <ClCompile Include="..\source\Data\ImageLoader.cpp">
      <Filter>Source\Data</Filter>
    </ClCompile>
    <ClCompile Include="..\source\Data\Image.cpp">
      <Filter>Source\Data</Filter>
    </ClCompile>
    <ClCompile Include="..\source\Data\ImageUtils\stb_image.cpp">
      <Filter>Source\Data\ImageUtils</Filter>
    </ClCompile>
    <ClCompile Include="..\source\Data\ImageUtils\tga.cpp">
      <Filter>Source\Data\ImageUtils</Filter>
    </ClCompile>
    <ClCompile Include="..\source\Resource\Texture.cpp">
      <Filter>Source\Resource</Filter>
    </ClCompile>
    <ClCompile Include="..\source\Geometry\AABoundingBox.cpp">
      <Filter>Source\Geometry</Filter>
    </ClCompile>
    <ClCompile Include="..\source\Geometry\CreateBounding.cpp">
      <Filter>Source\Geometry</Filter>
    </ClCompile>
    <ClCompile Include="..\source\Geometry\Frustum.cpp">
      <Filter>Source\Geometry</Filter>
    </ClCompile>
    <ClCompile Include="..\source\Geometry\Intersection.cpp">
      <Filter>Source\Geometry</Filter>
    </ClCompile>
    <ClCompile Include="..\source\Geometry\OBoundingBox.cpp">
      <Filter>Source\Geometry</Filter>
    </ClCompile>
    <ClCompile Include="..\source\Driver\Win32\Input_private.cpp">
      <Filter>Source\Driver\Win32</Filter>
    </ClCompile>
    <ClCompile Include="..\source\Driver\Win32\Screen_private.cpp">
      <Filter>Source\Driver\Win32</Filter>
    </ClCompile>
    <ClCompile Include="..\source\Driver\Win32\Window_private.cpp">
      <Filter>Source\Driver\Win32</Filter>
    </ClCompile>
    <ClCompile Include="..\source\Driver\Win32\Wrapper.cpp">
      <Filter>Source\Driver\Win32</Filter>
    </ClCompile>
    <ClCompile Include="..\source\Driver\Xorg\Input_private.cpp">
      <Filter>Source\Driver\Xorg</Filter>
    </ClCompile>
    <ClCompile Include="..\source\Driver\Xorg\Screen_private.cpp">
      <Filter>Source\Driver\Xorg</Filter>
    </ClCompile>
    <ClCompile Include="..\source\Driver\Xorg\Window_private.cpp">
      <Filter>Source\Driver\Xorg</Filter>
    </ClCompile>
    <ClCompile Include="..\source\Driver\Xorg\Wrapper_private.cpp">
      <Filter>Source\Driver\Xorg</Filter>
    </ClCompile>
    <ClCompile Include="..\source\Core\Object.cpp">
      <Filter>Source\Core</Filter>
    </ClCompile>
    <ClCompile Include="..\source\Core\Application.cpp">
      <Filter>Source\Core</Filter>
    </ClCompile>
    <ClCompile Include="..\source\Core\ClassObjectRegistration.cpp">
      <Filter>Source\Core</Filter>
    </ClCompile>
    <ClCompile Include="..\source\Data\Archive.cpp">
      <Filter>Source\Data</Filter>
    </ClCompile>
    <ClCompile Include="..\source\Data\AttributeSerialize.cpp">
      <Filter>Source\Data</Filter>
    </ClCompile>
    <ClCompile Include="..\source\Core\Context.cpp">
      <Filter>Source\Core</Filter>
    </ClCompile>
    <ClCompile Include="..\source\Resource\Shader.cpp">
      <Filter>Source\Resource</Filter>
    </ClCompile>
    <ClCompile Include="..\source\Scene\Level.cpp">
      <Filter>Source\Scene</Filter>
    </ClCompile>
    <ClCompile Include="..\source\Driver\Render.cpp">
      <Filter>source\Driver</Filter>
    </ClCompile>
    <ClCompile Include="..\source\Core\SharedLibrary.cpp">
      <Filter>source\Core</Filter>
    </ClCompile>
    <ClCompile Include="..\source\Resource\Effect.cpp">
      <Filter>source\Resource</Filter>
    </ClCompile>
    <ClCompile Include="..\source\Data\ParserEffect.cpp">
      <Filter>source\Data</Filter>
    </ClCompile>
    <ClCompile Include="..\source\Render\Collection.cpp">
      <Filter>Source\Render</Filter>
    </ClCompile>
    <ClCompile Include="..\source\Render\Queue.cpp">
      <Filter>Source\Render</Filter>
    </ClCompile>
    <ClCompile Include="..\source\Render\Viewport.cpp">
      <Filter>Source\Render</Filter>
    </ClCompile>
  </ItemGroup>
  <ItemGroup>
    <None Include="..\source\Driver\Cocoa\Input_private.mm">
      <Filter>Source\Driver\Cocoa</Filter>
    </None>
    <None Include="..\source\Driver\Cocoa\Screen_private.mm">
      <Filter>Source\Driver\Cocoa</Filter>
    </None>
    <None Include="..\source\Driver\Cocoa\Window_private.mm">
      <Filter>Source\Driver\Cocoa</Filter>
    </None>
    <None Include="..\source\Driver\Cocoa\Wrapper_private.mm">
      <Filter>Source\Driver\Cocoa</Filter>
    </None>
  </ItemGroup>
</Project>